// !$*UTF8*$!
{
	archiveVersion = 1;
	classes = {
	};
	objectVersion = 46;
	objects = {

/* Begin PBXBuildFile section */
		FAF8954B1F6C40AA00139BCA /* AppDelegate.swift in Sources */ = {isa = PBXBuildFile; fileRef = FAF8954A1F6C40AA00139BCA /* AppDelegate.swift */; };
		FAF8954D1F6C40AA00139BCA /* ViewController.swift in Sources */ = {isa = PBXBuildFile; fileRef = FAF8954C1F6C40AA00139BCA /* ViewController.swift */; };
		FAF895501F6C40AA00139BCA /* Main.storyboard in Resources */ = {isa = PBXBuildFile; fileRef = FAF8954E1F6C40AA00139BCA /* Main.storyboard */; };
		FAF895521F6C40AA00139BCA /* Assets.xcassets in Resources */ = {isa = PBXBuildFile; fileRef = FAF895511F6C40AA00139BCA /* Assets.xcassets */; };
		FAF895551F6C40AA00139BCA /* LaunchScreen.storyboard in Resources */ = {isa = PBXBuildFile; fileRef = FAF895531F6C40AA00139BCA /* LaunchScreen.storyboard */; };
/* End PBXBuildFile section */

/* Begin PBXFileReference section */
		FAF895471F6C40AA00139BCA /* Label Programmatically.app */ = {isa = PBXFileReference; explicitFileType = wrapper.application; includeInIndex = 0; path = "Label Programmatically.app"; sourceTree = BUILT_PRODUCTS_DIR; };
		FAF8954A1F6C40AA00139BCA /* AppDelegate.swift */ = {isa = PBXFileReference; lastKnownFileType = sourcecode.swift; path = AppDelegate.swift; sourceTree = "<group>"; };
		FAF8954C1F6C40AA00139BCA /* ViewController.swift */ = {isa = PBXFileReference; lastKnownFileType = sourcecode.swift; path = ViewController.swift; sourceTree = "<group>"; };
		FAF8954F1F6C40AA00139BCA /* Base */ = {isa = PBXFileReference; lastKnownFileType = file.storyboard; name = Base; path = Base.lproj/Main.storyboard; sourceTree = "<group>"; };
		FAF895511F6C40AA00139BCA /* Assets.xcassets */ = {isa = PBXFileReference; lastKnownFileType = folder.assetcatalog; path = Assets.xcassets; sourceTree = "<group>"; };
		FAF895541F6C40AA00139BCA /* Base */ = {isa = PBXFileReference; lastKnownFileType = file.storyboard; name = Base; path = Base.lproj/LaunchScreen.storyboard; sourceTree = "<group>"; };
		FAF895561F6C40AA00139BCA /* Info.plist */ = {isa = PBXFileReference; lastKnownFileType = text.plist.xml; path = Info.plist; sourceTree = "<group>"; };
/* End PBXFileReference section */

/* Begin PBXFrameworksBuildPhase section */
		FAF895441F6C40AA00139BCA /* Frameworks */ = {
			isa = PBXFrameworksBuildPhase;
			buildActionMask = 2147483647;
			files = (
			);
			runOnlyForDeploymentPostprocessing = 0;
		};
/* End PBXFrameworksBuildPhase section */

/* Begin PBXGroup section */
		FAF8953E1F6C40A900139BCA = {
			isa = PBXGroup;
			children = (
				FAF895491F6C40AA00139BCA /* Label Programmatically */,
				FAF895481F6C40AA00139BCA /* Products */,
			);
			sourceTree = "<group>";
		};
		FAF895481F6C40AA00139BCA /* Products */ = {
			isa = PBXGroup;
			children = (
				FAF895471F6C40AA00139BCA /* Label Programmatically.app */,
			);
			name = Products;
			sourceTree = "<group>";
		};
		FAF895491F6C40AA00139BCA /* Label Programmatically */ = {
			isa = PBXGroup;
			children = (
				FAF8954A1F6C40AA00139BCA /* AppDelegate.swift */,
				FAF8954C1F6C40AA00139BCA /* ViewController.swift */,
				FAF8954E1F6C40AA00139BCA /* Main.storyboard */,
				FAF895511F6C40AA00139BCA /* Assets.xcassets */,
				FAF895531F6C40AA00139BCA /* LaunchScreen.storyboard */,
				FAF895561F6C40AA00139BCA /* Info.plist */,
			);
			path = "Label Programmatically";
			sourceTree = "<group>";
		};
/* End PBXGroup section */

/* Begin PBXNativeTarget section */
		FAF895461F6C40AA00139BCA /* Label Programmatically */ = {
			isa = PBXNativeTarget;
			buildConfigurationList = FAF895591F6C40AA00139BCA /* Build configuration list for PBXNativeTarget "Label Programmatically" */;
			buildPhases = (
				FAF895431F6C40AA00139BCA /* Sources */,
				FAF895441F6C40AA00139BCA /* Frameworks */,
				FAF895451F6C40AA00139BCA /* Resources */,
			);
			buildRules = (
			);
			dependencies = (
			);
			name = "Label Programmatically";
			productName = "Label Programmatically";
			productReference = FAF895471F6C40AA00139BCA /* Label Programmatically.app */;
			productType = "com.apple.product-type.application";
		};
/* End PBXNativeTarget section */

/* Begin PBXProject section */
		FAF8953F1F6C40A900139BCA /* Project object */ = {
			isa = PBXProject;
			attributes = {
				LastSwiftUpdateCheck = 0830;
				LastUpgradeCheck = 0830;
				ORGANIZATIONNAME = "Kesley Ribeiro";
				TargetAttributes = {
					FAF895461F6C40AA00139BCA = {
						CreatedOnToolsVersion = 8.3.3;
						DevelopmentTeam = 243DK6F34T;
						ProvisioningStyle = Automatic;
					};
				};
			};
			buildConfigurationList = FAF895421F6C40A900139BCA /* Build configuration list for PBXProject "Label Programmatically" */;
			compatibilityVersion = "Xcode 3.2";
			developmentRegion = English;
			hasScannedForEncodings = 0;
			knownRegions = (
				en,
				Base,
			);
			mainGroup = FAF8953E1F6C40A900139BCA;
			productRefGroup = FAF895481F6C40AA00139BCA /* Products */;
			projectDirPath = "";
			projectRoot = "";
			targets = (
				FAF895461F6C40AA00139BCA /* Label Programmatically */,
			);
		};
/* End PBXProject section */

/* Begin PBXResourcesBuildPhase section */
		FAF895451F6C40AA00139BCA /* Resources */ = {
			isa = PBXResourcesBuildPhase;
			buildActionMask = 2147483647;
			files = (
				FAF895551F6C40AA00139BCA /* LaunchScreen.storyboard in Resources */,
				FAF895521F6C40AA00139BCA /* Assets.xcassets in Resources */,
				FAF895501F6C40AA00139BCA /* Main.storyboard in Resources */,
			);
			runOnlyForDeploymentPostprocessing = 0;
		};
/* End PBXResourcesBuildPhase section */

/* Begin PBXSourcesBuildPhase section */
		FAF895431F6C40AA00139BCA /* Sources */ = {
			isa = PBXSourcesBuildPhase;
			buildActionMask = 2147483647;
			files = (
				FAF8954D1F6C40AA00139BCA /* ViewController.swift in Sources */,
				FAF8954B1F6C40AA00139BCA /* AppDelegate.swift in Sources */,
			);
			runOnlyForDeploymentPostprocessing = 0;
		};
/* End PBXSourcesBuildPhase section */

/* Begin PBXVariantGroup section */
		FAF8954E1F6C40AA00139BCA /* Main.storyboard */ = {
			isa = PBXVariantGroup;
			children = (
				FAF8954F1F6C40AA00139BCA /* Base */,
			);
			name = Main.storyboard;
			sourceTree = "<group>";
		};
		FAF895531F6C40AA00139BCA /* LaunchScreen.storyboard */ = {
			isa = PBXVariantGroup;
			children = (
				FAF895541F6C40AA00139BCA /* Base */,
			);
			name = LaunchScreen.storyboard;
			sourceTree = "<group>";
		};
/* End PBXVariantGroup section */

/* Begin XCBuildConfiguration section */
		FAF895571F6C40AA00139BCA /* Debug */ = {
			isa = XCBuildConfiguration;
			buildSettings = {
				ALWAYS_SEARCH_USER_PATHS = NO;
				CLANG_ANALYZER_NONNULL = YES;
				CLANG_ANALYZER_NUMBER_OBJECT_CONVERSION = YES_AGGRESSIVE;
				CLANG_CXX_LANGUAGE_STANDARD = "gnu++0x";
				CLANG_CXX_LIBRARY = "libc++";
				CLANG_ENABLE_MODULES = YES;
				CLANG_ENABLE_OBJC_ARC = YES;
				CLANG_WARN_BOOL_CONVERSION = YES;
				CLANG_WARN_CONSTANT_CONVERSION = YES;
				CLANG_WARN_DIRECT_OBJC_ISA_USAGE = YES_ERROR;
				CLANG_WARN_DOCUMENTATION_COMMENTS = YES;
				CLANG_WARN_EMPTY_BODY = YES;
				CLANG_WARN_ENUM_CONVERSION = YES;
				CLANG_WARN_INFINITE_RECURSION = YES;
				CLANG_WARN_INT_CONVERSION = YES;
				CLANG_WARN_OBJC_ROOT_CLASS = YES_ERROR;
				CLANG_WARN_SUSPICIOUS_MOVE = YES;
				CLANG_WARN_UNREACHABLE_CODE = YES;
				CLANG_WARN__DUPLICATE_METHOD_MATCH = YES;
				"CODE_SIGN_IDENTITY[sdk=iphoneos*]" = "iPhone Developer";
				COPY_PHASE_STRIP = NO;
				DEBUG_INFORMATION_FORMAT = dwarf;
				ENABLE_STRICT_OBJC_MSGSEND = YES;
				ENABLE_TESTABILITY = YES;
				GCC_C_LANGUAGE_STANDARD = gnu99;
				GCC_DYNAMIC_NO_PIC = NO;
				GCC_NO_COMMON_BLOCKS = YES;
				GCC_OPTIMIZATION_LEVEL = 0;
				GCC_PREPROCESSOR_DEFINITIONS = (
					"DEBUG=1",
					"$(inherited)",
				);
				GCC_WARN_64_TO_32_BIT_CONVERSION = YES;
				GCC_WARN_ABOUT_RETURN_TYPE = YES_ERROR;
				GCC_WARN_UNDECLARED_SELECTOR = YES;
				GCC_WARN_UNINITIALIZED_AUTOS = YES_AGGRESSIVE;
				GCC_WARN_UNUSED_FUNCTION = YES;
				GCC_WARN_UNUSED_VARIABLE = YES;
				IPHONEOS_DEPLOYMENT_TARGET = 10.3;
				MTL_ENABLE_DEBUG_INFO = YES;
				ONLY_ACTIVE_ARCH = YES;
				SDKROOT = iphoneos;
				SWIFT_ACTIVE_COMPILATION_CONDITIONS = DEBUG;
				SWIFT_OPTIMIZATION_LEVEL = "-Onone";
				TARGETED_DEVICE_FAMILY = "1,2";
			};
			name = Debug;
		};
		FAF895581F6C40AA00139BCA /* Release */ = {
			isa = XCBuildConfiguration;
			buildSettings = {
				ALWAYS_SEARCH_USER_PATHS = NO;
				CLANG_ANALYZER_NONNULL = YES;
				CLANG_ANALYZER_NUMBER_OBJECT_CONVERSION = YES_AGGRESSIVE;
				CLANG_CXX_LANGUAGE_STANDARD = "gnu++0x";
				CLANG_CXX_LIBRARY = "libc++";
				CLANG_ENABLE_MODULES = YES;
				CLANG_ENABLE_OBJC_ARC = YES;
				CLANG_WARN_BOOL_CONVERSION = YES;
				CLANG_WARN_CONSTANT_CONVERSION = YES;
				CLANG_WARN_DIRECT_OBJC_ISA_USAGE = YES_ERROR;
				CLANG_WARN_DOCUMENTATION_COMMENTS = YES;
				CLANG_WARN_EMPTY_BODY = YES;
				CLANG_WARN_ENUM_CONVERSION = YES;
				CLANG_WARN_INFINITE_RECURSION = YES;
				CLANG_WARN_INT_CONVERSION = YES;
				CLANG_WARN_OBJC_ROOT_CLASS = YES_ERROR;
				CLANG_WARN_SUSPICIOUS_MOVE = YES;
				CLANG_WARN_UNREACHABLE_CODE = YES;
				CLANG_WARN__DUPLICATE_METHOD_MATCH = YES;
				"CODE_SIGN_IDENTITY[sdk=iphoneos*]" = "iPhone Developer";
				COPY_PHASE_STRIP = NO;
				DEBUG_INFORMATION_FORMAT = "dwarf-with-dsym";
				ENABLE_NS_ASSERTIONS = NO;
				ENABLE_STRICT_OBJC_MSGSEND = YES;
				GCC_C_LANGUAGE_STANDARD = gnu99;
				GCC_NO_COMMON_BLOCKS = YES;
				GCC_WARN_64_TO_32_BIT_CONVERSION = YES;
				GCC_WARN_ABOUT_RETURN_TYPE = YES_ERROR;
				GCC_WARN_UNDECLARED_SELECTOR = YES;
				GCC_WARN_UNINITIALIZED_AUTOS = YES_AGGRESSIVE;
				GCC_WARN_UNUSED_FUNCTION = YES;
				GCC_WARN_UNUSED_VARIABLE = YES;
				IPHONEOS_DEPLOYMENT_TARGET = 10.3;
				MTL_ENABLE_DEBUG_INFO = NO;
				SDKROOT = iphoneos;
				SWIFT_OPTIMIZATION_LEVEL = "-Owholemodule";
				TARGETED_DEVICE_FAMILY = "1,2";
				VALIDATE_PRODUCT = YES;
			};
			name = Release;
		};
		FAF8955A1F6C40AA00139BCA /* Debug */ = {
			isa = XCBuildConfiguration;
			buildSettings = {
				ASSETCATALOG_COMPILER_APPICON_NAME = AppIcon;
				DEVELOPMENT_TEAM = 243DK6F34T;
				INFOPLIST_FILE = "Label Programmatically/Info.plist";
				LD_RUNPATH_SEARCH_PATHS = "$(inherited) @executable_path/Frameworks";
				PRODUCT_BUNDLE_IDENTIFIER = "br.com.kesleyribeiro.Label-Programmatically";
				PRODUCT_NAME = "$(TARGET_NAME)";
				SWIFT_VERSION = 3.0;
			};
			name = Debug;
		};
		FAF8955B1F6C40AA00139BCA /* Release */ = {
			isa = XCBuildConfiguration;
			buildSettings = {
				ASSETCATALOG_COMPILER_APPICON_NAME = AppIcon;
				DEVELOPMENT_TEAM = 243DK6F34T;
				INFOPLIST_FILE = "Label Programmatically/Info.plist";
				LD_RUNPATH_SEARCH_PATHS = "$(inherited) @executable_path/Frameworks";
				PRODUCT_BUNDLE_IDENTIFIER = "br.com.kesleyribeiro.Label-Programmatically";
				PRODUCT_NAME = "$(TARGET_NAME)";
				SWIFT_VERSION = 3.0;
			};
			name = Release;
		};
/* End XCBuildConfiguration section */

/* Begin XCConfigurationList section */
		FAF895421F6C40A900139BCA /* Build configuration list for PBXProject "Label Programmatically" */ = {
			isa = XCConfigurationList;
			buildConfigurations = (
				FAF895571F6C40AA00139BCA /* Debug */,
				FAF895581F6C40AA00139BCA /* Release */,
			);
			defaultConfigurationIsVisible = 0;
			defaultConfigurationName = Release;
		};
		FAF895591F6C40AA00139BCA /* Build configuration list for PBXNativeTarget "Label Programmatically" */ = {
			isa = XCConfigurationList;
			buildConfigurations = (
				FAF8955A1F6C40AA00139BCA /* Debug */,
				FAF8955B1F6C40AA00139BCA /* Release */,
			);
			defaultConfigurationIsVisible = 0;
		};
/* End XCConfigurationList section */
	};
	rootObject = FAF8953F1F6C40A900139BCA /* Project object */;
}
