// !$*UTF8*$!
{
	archiveVersion = 1;
	classes = {
	};
	objectVersion = 46;
	objects = {

/* Begin PBXBuildFile section */
		FAAABEBB1F6DF52000B412CF /* AppDelegate.swift in Sources */ = {isa = PBXBuildFile; fileRef = FAAABEBA1F6DF52000B412CF /* AppDelegate.swift */; };
		FAAABEBD1F6DF52000B412CF /* ViewController.swift in Sources */ = {isa = PBXBuildFile; fileRef = FAAABEBC1F6DF52000B412CF /* ViewController.swift */; };
		FAAABEC01F6DF52000B412CF /* Main.storyboard in Resources */ = {isa = PBXBuildFile; fileRef = FAAABEBE1F6DF52000B412CF /* Main.storyboard */; };
		FAAABEC21F6DF52000B412CF /* Assets.xcassets in Resources */ = {isa = PBXBuildFile; fileRef = FAAABEC11F6DF52000B412CF /* Assets.xcassets */; };
		FAAABEC51F6DF52000B412CF /* LaunchScreen.storyboard in Resources */ = {isa = PBXBuildFile; fileRef = FAAABEC31F6DF52000B412CF /* LaunchScreen.storyboard */; };
/* End PBXBuildFile section */

/* Begin PBXFileReference section */
		FAAABEB71F6DF52000B412CF /* TextView Programmatically.app */ = {isa = PBXFileReference; explicitFileType = wrapper.application; includeInIndex = 0; path = "TextView Programmatically.app"; sourceTree = BUILT_PRODUCTS_DIR; };
		FAAABEBA1F6DF52000B412CF /* AppDelegate.swift */ = {isa = PBXFileReference; lastKnownFileType = sourcecode.swift; path = AppDelegate.swift; sourceTree = "<group>"; };
		FAAABEBC1F6DF52000B412CF /* ViewController.swift */ = {isa = PBXFileReference; lastKnownFileType = sourcecode.swift; path = ViewController.swift; sourceTree = "<group>"; };
		FAAABEBF1F6DF52000B412CF /* Base */ = {isa = PBXFileReference; lastKnownFileType = file.storyboard; name = Base; path = Base.lproj/Main.storyboard; sourceTree = "<group>"; };
		FAAABEC11F6DF52000B412CF /* Assets.xcassets */ = {isa = PBXFileReference; lastKnownFileType = folder.assetcatalog; path = Assets.xcassets; sourceTree = "<group>"; };
		FAAABEC41F6DF52000B412CF /* Base */ = {isa = PBXFileReference; lastKnownFileType = file.storyboard; name = Base; path = Base.lproj/LaunchScreen.storyboard; sourceTree = "<group>"; };
		FAAABEC61F6DF52000B412CF /* Info.plist */ = {isa = PBXFileReference; lastKnownFileType = text.plist.xml; path = Info.plist; sourceTree = "<group>"; };
/* End PBXFileReference section */

/* Begin PBXFrameworksBuildPhase section */
		FAAABEB41F6DF52000B412CF /* Frameworks */ = {
			isa = PBXFrameworksBuildPhase;
			buildActionMask = 2147483647;
			files = (
			);
			runOnlyForDeploymentPostprocessing = 0;
		};
/* End PBXFrameworksBuildPhase section */

/* Begin PBXGroup section */
		FAAABEAE1F6DF52000B412CF = {
			isa = PBXGroup;
			children = (
				FAAABEB91F6DF52000B412CF /* TextView Programmatically */,
				FAAABEB81F6DF52000B412CF /* Products */,
			);
			sourceTree = "<group>";
		};
		FAAABEB81F6DF52000B412CF /* Products */ = {
			isa = PBXGroup;
			children = (
				FAAABEB71F6DF52000B412CF /* TextView Programmatically.app */,
			);
			name = Products;
			sourceTree = "<group>";
		};
		FAAABEB91F6DF52000B412CF /* TextView Programmatically */ = {
			isa = PBXGroup;
			children = (
				FAAABEBA1F6DF52000B412CF /* AppDelegate.swift */,
				FAAABEBC1F6DF52000B412CF /* ViewController.swift */,
				FAAABEBE1F6DF52000B412CF /* Main.storyboard */,
				FAAABEC11F6DF52000B412CF /* Assets.xcassets */,
				FAAABEC31F6DF52000B412CF /* LaunchScreen.storyboard */,
				FAAABEC61F6DF52000B412CF /* Info.plist */,
			);
			path = "TextView Programmatically";
			sourceTree = "<group>";
		};
/* End PBXGroup section */

/* Begin PBXNativeTarget section */
		FAAABEB61F6DF52000B412CF /* TextView Programmatically */ = {
			isa = PBXNativeTarget;
			buildConfigurationList = FAAABEC91F6DF52000B412CF /* Build configuration list for PBXNativeTarget "TextView Programmatically" */;
			buildPhases = (
				FAAABEB31F6DF52000B412CF /* Sources */,
				FAAABEB41F6DF52000B412CF /* Frameworks */,
				FAAABEB51F6DF52000B412CF /* Resources */,
			);
			buildRules = (
			);
			dependencies = (
			);
			name = "TextView Programmatically";
			productName = "TextView Programmatically";
			productReference = FAAABEB71F6DF52000B412CF /* TextView Programmatically.app */;
			productType = "com.apple.product-type.application";
		};
/* End PBXNativeTarget section */

/* Begin PBXProject section */
		FAAABEAF1F6DF52000B412CF /* Project object */ = {
			isa = PBXProject;
			attributes = {
				LastSwiftUpdateCheck = 0830;
				LastUpgradeCheck = 0830;
				ORGANIZATIONNAME = "Kesley Ribeiro";
				TargetAttributes = {
					FAAABEB61F6DF52000B412CF = {
						CreatedOnToolsVersion = 8.3.3;
						DevelopmentTeam = 243DK6F34T;
						ProvisioningStyle = Automatic;
					};
				};
			};
			buildConfigurationList = FAAABEB21F6DF52000B412CF /* Build configuration list for PBXProject "TextView Programmatically" */;
			compatibilityVersion = "Xcode 3.2";
			developmentRegion = English;
			hasScannedForEncodings = 0;
			knownRegions = (
				en,
				Base,
			);
			mainGroup = FAAABEAE1F6DF52000B412CF;
			productRefGroup = FAAABEB81F6DF52000B412CF /* Products */;
			projectDirPath = "";
			projectRoot = "";
			targets = (
				FAAABEB61F6DF52000B412CF /* TextView Programmatically */,
			);
		};
/* End PBXProject section */

/* Begin PBXResourcesBuildPhase section */
		FAAABEB51F6DF52000B412CF /* Resources */ = {
			isa = PBXResourcesBuildPhase;
			buildActionMask = 2147483647;
			files = (
				FAAABEC51F6DF52000B412CF /* LaunchScreen.storyboard in Resources */,
				FAAABEC21F6DF52000B412CF /* Assets.xcassets in Resources */,
				FAAABEC01F6DF52000B412CF /* Main.storyboard in Resources */,
			);
			runOnlyForDeploymentPostprocessing = 0;
		};
/* End PBXResourcesBuildPhase section */

/* Begin PBXSourcesBuildPhase section */
		FAAABEB31F6DF52000B412CF /* Sources */ = {
			isa = PBXSourcesBuildPhase;
			buildActionMask = 2147483647;
			files = (
				FAAABEBD1F6DF52000B412CF /* ViewController.swift in Sources */,
				FAAABEBB1F6DF52000B412CF /* AppDelegate.swift in Sources */,
			);
			runOnlyForDeploymentPostprocessing = 0;
		};
/* End PBXSourcesBuildPhase section */

/* Begin PBXVariantGroup section */
		FAAABEBE1F6DF52000B412CF /* Main.storyboard */ = {
			isa = PBXVariantGroup;
			children = (
				FAAABEBF1F6DF52000B412CF /* Base */,
			);
			name = Main.storyboard;
			sourceTree = "<group>";
		};
		FAAABEC31F6DF52000B412CF /* LaunchScreen.storyboard */ = {
			isa = PBXVariantGroup;
			children = (
				FAAABEC41F6DF52000B412CF /* Base */,
			);
			name = LaunchScreen.storyboard;
			sourceTree = "<group>";
		};
/* End PBXVariantGroup section */

/* Begin XCBuildConfiguration section */
		FAAABEC71F6DF52000B412CF /* Debug */ = {
			isa = XCBuildConfiguration;
			buildSettings = {
				ALWAYS_SEARCH_USER_PATHS = NO;
				CLANG_ANALYZER_NONNULL = YES;
				CLANG_ANALYZER_NUMBER_OBJECT_CONVERSION = YES_AGGRESSIVE;
				CLANG_CXX_LANGUAGE_STANDARD = "gnu++0x";
				CLANG_CXX_LIBRARY = "libc++";
				CLANG_ENABLE_MODULES = YES;
				CLANG_ENABLE_OBJC_ARC = YES;
				CLANG_WARN_BOOL_CONVERSION = YES;
				CLANG_WARN_CONSTANT_CONVERSION = YES;
				CLANG_WARN_DIRECT_OBJC_ISA_USAGE = YES_ERROR;
				CLANG_WARN_DOCUMENTATION_COMMENTS = YES;
				CLANG_WARN_EMPTY_BODY = YES;
				CLANG_WARN_ENUM_CONVERSION = YES;
				CLANG_WARN_INFINITE_RECURSION = YES;
				CLANG_WARN_INT_CONVERSION = YES;
				CLANG_WARN_OBJC_ROOT_CLASS = YES_ERROR;
				CLANG_WARN_SUSPICIOUS_MOVE = YES;
				CLANG_WARN_UNREACHABLE_CODE = YES;
				CLANG_WARN__DUPLICATE_METHOD_MATCH = YES;
				"CODE_SIGN_IDENTITY[sdk=iphoneos*]" = "iPhone Developer";
				COPY_PHASE_STRIP = NO;
				DEBUG_INFORMATION_FORMAT = dwarf;
				ENABLE_STRICT_OBJC_MSGSEND = YES;
				ENABLE_TESTABILITY = YES;
				GCC_C_LANGUAGE_STANDARD = gnu99;
				GCC_DYNAMIC_NO_PIC = NO;
				GCC_NO_COMMON_BLOCKS = YES;
				GCC_OPTIMIZATION_LEVEL = 0;
				GCC_PREPROCESSOR_DEFINITIONS = (
					"DEBUG=1",
					"$(inherited)",
				);
				GCC_WARN_64_TO_32_BIT_CONVERSION = YES;
				GCC_WARN_ABOUT_RETURN_TYPE = YES_ERROR;
				GCC_WARN_UNDECLARED_SELECTOR = YES;
				GCC_WARN_UNINITIALIZED_AUTOS = YES_AGGRESSIVE;
				GCC_WARN_UNUSED_FUNCTION = YES;
				GCC_WARN_UNUSED_VARIABLE = YES;
				IPHONEOS_DEPLOYMENT_TARGET = 10.3;
				MTL_ENABLE_DEBUG_INFO = YES;
				ONLY_ACTIVE_ARCH = YES;
				SDKROOT = iphoneos;
				SWIFT_ACTIVE_COMPILATION_CONDITIONS = DEBUG;
				SWIFT_OPTIMIZATION_LEVEL = "-Onone";
				TARGETED_DEVICE_FAMILY = "1,2";
			};
			name = Debug;
		};
		FAAABEC81F6DF52000B412CF /* Release */ = {
			isa = XCBuildConfiguration;
			buildSettings = {
				ALWAYS_SEARCH_USER_PATHS = NO;
				CLANG_ANALYZER_NONNULL = YES;
				CLANG_ANALYZER_NUMBER_OBJECT_CONVERSION = YES_AGGRESSIVE;
				CLANG_CXX_LANGUAGE_STANDARD = "gnu++0x";
				CLANG_CXX_LIBRARY = "libc++";
				CLANG_ENABLE_MODULES = YES;
				CLANG_ENABLE_OBJC_ARC = YES;
				CLANG_WARN_BOOL_CONVERSION = YES;
				CLANG_WARN_CONSTANT_CONVERSION = YES;
				CLANG_WARN_DIRECT_OBJC_ISA_USAGE = YES_ERROR;
				CLANG_WARN_DOCUMENTATION_COMMENTS = YES;
				CLANG_WARN_EMPTY_BODY = YES;
				CLANG_WARN_ENUM_CONVERSION = YES;
				CLANG_WARN_INFINITE_RECURSION = YES;
				CLANG_WARN_INT_CONVERSION = YES;
				CLANG_WARN_OBJC_ROOT_CLASS = YES_ERROR;
				CLANG_WARN_SUSPICIOUS_MOVE = YES;
				CLANG_WARN_UNREACHABLE_CODE = YES;
				CLANG_WARN__DUPLICATE_METHOD_MATCH = YES;
				"CODE_SIGN_IDENTITY[sdk=iphoneos*]" = "iPhone Developer";
				COPY_PHASE_STRIP = NO;
				DEBUG_INFORMATION_FORMAT = "dwarf-with-dsym";
				ENABLE_NS_ASSERTIONS = NO;
				ENABLE_STRICT_OBJC_MSGSEND = YES;
				GCC_C_LANGUAGE_STANDARD = gnu99;
				GCC_NO_COMMON_BLOCKS = YES;
				GCC_WARN_64_TO_32_BIT_CONVERSION = YES;
				GCC_WARN_ABOUT_RETURN_TYPE = YES_ERROR;
				GCC_WARN_UNDECLARED_SELECTOR = YES;
				GCC_WARN_UNINITIALIZED_AUTOS = YES_AGGRESSIVE;
				GCC_WARN_UNUSED_FUNCTION = YES;
				GCC_WARN_UNUSED_VARIABLE = YES;
				IPHONEOS_DEPLOYMENT_TARGET = 10.3;
				MTL_ENABLE_DEBUG_INFO = NO;
				SDKROOT = iphoneos;
				SWIFT_OPTIMIZATION_LEVEL = "-Owholemodule";
				TARGETED_DEVICE_FAMILY = "1,2";
				VALIDATE_PRODUCT = YES;
			};
			name = Release;
		};
		FAAABECA1F6DF52000B412CF /* Debug */ = {
			isa = XCBuildConfiguration;
			buildSettings = {
				ASSETCATALOG_COMPILER_APPICON_NAME = AppIcon;
				DEVELOPMENT_TEAM = 243DK6F34T;
				INFOPLIST_FILE = "TextView Programmatically/Info.plist";
				LD_RUNPATH_SEARCH_PATHS = "$(inherited) @executable_path/Frameworks";
				PRODUCT_BUNDLE_IDENTIFIER = "br.com.kesleyribeiro.TextView-Programmatically";
				PRODUCT_NAME = "$(TARGET_NAME)";
				SWIFT_VERSION = 3.0;
			};
			name = Debug;
		};
		FAAABECB1F6DF52000B412CF /* Release */ = {
			isa = XCBuildConfiguration;
			buildSettings = {
				ASSETCATALOG_COMPILER_APPICON_NAME = AppIcon;
				DEVELOPMENT_TEAM = 243DK6F34T;
				INFOPLIST_FILE = "TextView Programmatically/Info.plist";
				LD_RUNPATH_SEARCH_PATHS = "$(inherited) @executable_path/Frameworks";
				PRODUCT_BUNDLE_IDENTIFIER = "br.com.kesleyribeiro.TextView-Programmatically";
				PRODUCT_NAME = "$(TARGET_NAME)";
				SWIFT_VERSION = 3.0;
			};
			name = Release;
		};
/* End XCBuildConfiguration section */

/* Begin XCConfigurationList section */
		FAAABEB21F6DF52000B412CF /* Build configuration list for PBXProject "TextView Programmatically" */ = {
			isa = XCConfigurationList;
			buildConfigurations = (
				FAAABEC71F6DF52000B412CF /* Debug */,
				FAAABEC81F6DF52000B412CF /* Release */,
			);
			defaultConfigurationIsVisible = 0;
			defaultConfigurationName = Release;
		};
		FAAABEC91F6DF52000B412CF /* Build configuration list for PBXNativeTarget "TextView Programmatically" */ = {
			isa = XCConfigurationList;
			buildConfigurations = (
				FAAABECA1F6DF52000B412CF /* Debug */,
				FAAABECB1F6DF52000B412CF /* Release */,
			);
			defaultConfigurationIsVisible = 0;
		};
/* End XCConfigurationList section */
	};
	rootObject = FAAABEAF1F6DF52000B412CF /* Project object */;
}
